
Microsoft Visual Studio Solution File, Format Version 12.00
# Visual Studio Version 17
VisualStudioVersion = 17.11.35327.3
MinimumVisualStudioVersion = 10.0.40219.1
Project("{FAE04EC0-301F-11D3-BF4B-00C04F79EFBC}") = "Task 3", "Task 3.csproj", "{4DECF099-039C-470C-B4F9-860C206DB496}"
EndProject
Global
	GlobalSection(SolutionConfigurationPlatforms) = preSolution
		Debug|Any CPU = Debug|Any CPU
		Release|Any CPU = Release|Any CPU
	EndGlobalSection
	GlobalSection(ProjectConfigurationPlatforms) = postSolution
		{4DECF099-039C-470C-B4F9-860C206DB496}.Debug|Any CPU.ActiveCfg = Debug|Any CPU
		{4DECF099-039C-470C-B4F9-860C206DB496}.Debug|Any CPU.Build.0 = Debug|Any CPU
		{4DECF099-039C-470C-B4F9-860C206DB496}.Release|Any CPU.ActiveCfg = Release|Any CPU
		{4DECF099-039C-470C-B4F9-860C206DB496}.Release|Any CPU.Build.0 = Release|Any CPU
	EndGlobalSection
	GlobalSection(SolutionProperties) = preSolution
		HideSolutionNode = FALSE
	EndGlobalSection
	GlobalSection(ExtensibilityGlobals) = postSolution
		SolutionGuid = {8C48226C-67F0-4D56-8A4D-C96B3C235539}
	EndGlobalSection
EndGlobal
